{
    "doctrine/annotations": {
        "version": "1.0",
        "recipe": {
            "repo": "github.com/symfony/recipes",
            "branch": "master",
            "version": "1.0",
            "ref": "a2759dd6123694c8d901d0ec80006e044c2e6457"
        },
        "files": [
            "config/routes/annotations.yaml"
        ]
    },
    "doctrine/lexer": {
        "version": "1.2.1"
    },
    "kelbek/model-builder": {
        "version": "dev-main"
    },
    "kelbek/model-builder-symfony": {
        "version": "dev-main"
    },
    "symfony/console": {
        "version": "5.3",
        "recipe": {
            "repo": "github.com/symfony/recipes",
            "branch": "master",
            "version": "5.3",
            "ref": "da0c8be8157600ad34f10ff0c9cc91232522e047"
        },
        "files": [
            "bin/console"
        ]
    },
    "symfony/dotenv": {
        "version": "v5.3.0"
    },
    "symfony/flex": {
        "version": "1.0",
        "recipe": {
            "repo": "github.com/symfony/recipes",
            "branch": "master",
            "version": "1.0",
            "ref": "c0eeb50665f0f77226616b6038a9b06c03752d8e"
        },
        "files": [
            ".env"
        ]
    },
    "symfony/polyfill-intl-grapheme": {
        "version": "v1.23.0"
    },
    "symfony/polyfill-intl-normalizer": {
        "version": "v1.23.0"
    },
    "symfony/property-access": {
        "version": "v5.3.0"
    },
    "symfony/property-info": {
        "version": "v5.3.1"
    },
    "symfony/runtime": {
        "version": "v5.3.3"
    },
    "symfony/serializer": {
        "version": "v5.3.2"
    },
    "symfony/string": {
        "version": "v5.3.3"
    },
    "symfony/yaml": {
        "version": "v5.3.3"
    }
}
